// !$*UTF8*$!
{
	archiveVersion = 1;
	classes = {
	};
	objectVersion = 46;
	objects = {

/* Begin PBXBuildFile section */
		ED288DEF18443728004A0DBB /* Cocoa.framework in Frameworks */ = {isa = PBXBuildFile; fileRef = ED288DEE18443728004A0DBB /* Cocoa.framework */; };
		ED288DF918443728004A0DBB /* InfoPlist.strings in Resources */ = {isa = PBXBuildFile; fileRef = ED288DF718443728004A0DBB /* InfoPlist.strings */; };
		ED288DFB18443728004A0DBB /* main.m in Sources */ = {isa = PBXBuildFile; fileRef = ED288DFA18443728004A0DBB /* main.m */; };
		ED288DFF18443728004A0DBB /* Credits.rtf in Resources */ = {isa = PBXBuildFile; fileRef = ED288DFD18443728004A0DBB /* Credits.rtf */; };
		ED288E0218443728004A0DBB /* MDAppDelegate.m in Sources */ = {isa = PBXBuildFile; fileRef = ED288E0118443728004A0DBB /* MDAppDelegate.m */; };
		ED288E0518443728004A0DBB /* MainMenu.xib in Resources */ = {isa = PBXBuildFile; fileRef = ED288E0318443728004A0DBB /* MainMenu.xib */; };
		ED288E0818443728004A0DBB /* iMobileDevice.xcdatamodeld in Sources */ = {isa = PBXBuildFile; fileRef = ED288E0618443728004A0DBB /* iMobileDevice.xcdatamodeld */; };
		ED288E0A18443728004A0DBB /* Images.xcassets in Resources */ = {isa = PBXBuildFile; fileRef = ED288E0918443728004A0DBB /* Images.xcassets */; };
		ED288E1118443728004A0DBB /* XCTest.framework in Frameworks */ = {isa = PBXBuildFile; fileRef = ED288E1018443728004A0DBB /* XCTest.framework */; };
		ED288E1218443728004A0DBB /* Cocoa.framework in Frameworks */ = {isa = PBXBuildFile; fileRef = ED288DEE18443728004A0DBB /* Cocoa.framework */; };
		ED288E1A18443728004A0DBB /* InfoPlist.strings in Resources */ = {isa = PBXBuildFile; fileRef = ED288E1818443728004A0DBB /* InfoPlist.strings */; };
		ED288E1C18443728004A0DBB /* iMobileDeviceTests.m in Sources */ = {isa = PBXBuildFile; fileRef = ED288E1B18443728004A0DBB /* iMobileDeviceTests.m */; };
		ED288E2618443740004A0DBB /* ideviceinfo.c in Sources */ = {isa = PBXBuildFile; fileRef = ED288E2518443740004A0DBB /* ideviceinfo.c */; };
		ED288E4A18443762004A0DBB /* libimobiledevice.a in Frameworks */ = {isa = PBXBuildFile; fileRef = ED288E4918443762004A0DBB /* libimobiledevice.a */; };
		ED288E4C18443789004A0DBB /* libimobiledevice.dylib in Frameworks */ = {isa = PBXBuildFile; fileRef = ED288E4B18443789004A0DBB /* libimobiledevice.dylib */; };
/* End PBXBuildFile section */

/* Begin PBXContainerItemProxy section */
		ED288E1318443728004A0DBB /* PBXContainerItemProxy */ = {
			isa = PBXContainerItemProxy;
			containerPortal = ED288DE318443728004A0DBB /* Project object */;
			proxyType = 1;
			remoteGlobalIDString = ED288DEA18443728004A0DBB;
			remoteInfo = iMobileDevice;
		};
/* End PBXContainerItemProxy section */

/* Begin PBXFileReference section */
		ED288DEB18443728004A0DBB /* iMobileDevice.app */ = {isa = PBXFileReference; explicitFileType = wrapper.application; includeInIndex = 0; path = iMobileDevice.app; sourceTree = BUILT_PRODUCTS_DIR; };
		ED288DEE18443728004A0DBB /* Cocoa.framework */ = {isa = PBXFileReference; lastKnownFileType = wrapper.framework; name = Cocoa.framework; path = System/Library/Frameworks/Cocoa.framework; sourceTree = SDKROOT; };
		ED288DF118443728004A0DBB /* AppKit.framework */ = {isa = PBXFileReference; lastKnownFileType = wrapper.framework; name = AppKit.framework; path = System/Library/Frameworks/AppKit.framework; sourceTree = SDKROOT; };
		ED288DF218443728004A0DBB /* CoreData.framework */ = {isa = PBXFileReference; lastKnownFileType = wrapper.framework; name = CoreData.framework; path = System/Library/Frameworks/CoreData.framework; sourceTree = SDKROOT; };
		ED288DF318443728004A0DBB /* Foundation.framework */ = {isa = PBXFileReference; lastKnownFileType = wrapper.framework; name = Foundation.framework; path = System/Library/Frameworks/Foundation.framework; sourceTree = SDKROOT; };
		ED288DF618443728004A0DBB /* iMobileDevice-Info.plist */ = {isa = PBXFileReference; lastKnownFileType = text.plist.xml; path = "iMobileDevice-Info.plist"; sourceTree = "<group>"; };
		ED288DF818443728004A0DBB /* en */ = {isa = PBXFileReference; lastKnownFileType = text.plist.strings; name = en; path = en.lproj/InfoPlist.strings; sourceTree = "<group>"; };
		ED288DFA18443728004A0DBB /* main.m */ = {isa = PBXFileReference; lastKnownFileType = sourcecode.c.objc; path = main.m; sourceTree = "<group>"; };
		ED288DFC18443728004A0DBB /* iMobileDevice-Prefix.pch */ = {isa = PBXFileReference; lastKnownFileType = sourcecode.c.h; path = "iMobileDevice-Prefix.pch"; sourceTree = "<group>"; };
		ED288DFE18443728004A0DBB /* en */ = {isa = PBXFileReference; lastKnownFileType = text.rtf; name = en; path = en.lproj/Credits.rtf; sourceTree = "<group>"; };
		ED288E0018443728004A0DBB /* MDAppDelegate.h */ = {isa = PBXFileReference; lastKnownFileType = sourcecode.c.h; path = MDAppDelegate.h; sourceTree = "<group>"; };
		ED288E0118443728004A0DBB /* MDAppDelegate.m */ = {isa = PBXFileReference; lastKnownFileType = sourcecode.c.objc; path = MDAppDelegate.m; sourceTree = "<group>"; };
		ED288E0418443728004A0DBB /* Base */ = {isa = PBXFileReference; lastKnownFileType = file.xib; name = Base; path = Base.lproj/MainMenu.xib; sourceTree = "<group>"; };
		ED288E0718443728004A0DBB /* iMobileDevice.xcdatamodel */ = {isa = PBXFileReference; lastKnownFileType = wrapper.xcdatamodel; path = iMobileDevice.xcdatamodel; sourceTree = "<group>"; };
		ED288E0918443728004A0DBB /* Images.xcassets */ = {isa = PBXFileReference; lastKnownFileType = folder.assetcatalog; path = Images.xcassets; sourceTree = "<group>"; };
		ED288E0F18443728004A0DBB /* iMobileDeviceTests.xctest */ = {isa = PBXFileReference; explicitFileType = wrapper.cfbundle; includeInIndex = 0; path = iMobileDeviceTests.xctest; sourceTree = BUILT_PRODUCTS_DIR; };
		ED288E1018443728004A0DBB /* XCTest.framework */ = {isa = PBXFileReference; lastKnownFileType = wrapper.framework; name = XCTest.framework; path = Library/Frameworks/XCTest.framework; sourceTree = DEVELOPER_DIR; };
		ED288E1718443728004A0DBB /* iMobileDeviceTests-Info.plist */ = {isa = PBXFileReference; lastKnownFileType = text.plist.xml; path = "iMobileDeviceTests-Info.plist"; sourceTree = "<group>"; };
		ED288E1918443728004A0DBB /* en */ = {isa = PBXFileReference; lastKnownFileType = text.plist.strings; name = en; path = en.lproj/InfoPlist.strings; sourceTree = "<group>"; };
		ED288E1B18443728004A0DBB /* iMobileDeviceTests.m */ = {isa = PBXFileReference; lastKnownFileType = sourcecode.c.objc; path = iMobileDeviceTests.m; sourceTree = "<group>"; };
		ED288E2518443740004A0DBB /* ideviceinfo.c */ = {isa = PBXFileReference; fileEncoding = 4; lastKnownFileType = sourcecode.c.c; path = ideviceinfo.c; sourceTree = "<group>"; };
		ED288E2918443759004A0DBB /* afc.h */ = {isa = PBXFileReference; fileEncoding = 4; lastKnownFileType = sourcecode.c.h; path = afc.h; sourceTree = "<group>"; };
		ED288E2A18443759004A0DBB /* file_relay.h */ = {isa = PBXFileReference; fileEncoding = 4; lastKnownFileType = sourcecode.c.h; path = file_relay.h; sourceTree = "<group>"; };
		ED288E2B18443759004A0DBB /* house_arrest.h */ = {isa = PBXFileReference; fileEncoding = 4; lastKnownFileType = sourcecode.c.h; path = house_arrest.h; sourceTree = "<group>"; };
		ED288E2C18443759004A0DBB /* installation_proxy.h */ = {isa = PBXFileReference; fileEncoding = 4; lastKnownFileType = sourcecode.c.h; path = installation_proxy.h; sourceTree = "<group>"; };
		ED288E2D18443759004A0DBB /* libimobiledevice.h */ = {isa = PBXFileReference; fileEncoding = 4; lastKnownFileType = sourcecode.c.h; path = libimobiledevice.h; sourceTree = "<group>"; };
		ED288E2E18443759004A0DBB /* lockdown.h */ = {isa = PBXFileReference; fileEncoding = 4; lastKnownFileType = sourcecode.c.h; path = lockdown.h; sourceTree = "<group>"; };
		ED288E2F18443759004A0DBB /* mobile_image_mounter.h */ = {isa = PBXFileReference; fileEncoding = 4; lastKnownFileType = sourcecode.c.h; path = mobile_image_mounter.h; sourceTree = "<group>"; };
		ED288E3018443759004A0DBB /* mobilebackup.h */ = {isa = PBXFileReference; fileEncoding = 4; lastKnownFileType = sourcecode.c.h; path = mobilebackup.h; sourceTree = "<group>"; };
		ED288E3118443759004A0DBB /* mobilebackup2.h */ = {isa = PBXFileReference; fileEncoding = 4; lastKnownFileType = sourcecode.c.h; path = mobilebackup2.h; sourceTree = "<group>"; };
		ED288E3218443759004A0DBB /* mobilesync.h */ = {isa = PBXFileReference; fileEncoding = 4; lastKnownFileType = sourcecode.c.h; path = mobilesync.h; sourceTree = "<group>"; };
		ED288E3318443759004A0DBB /* notification_proxy.h */ = {isa = PBXFileReference; fileEncoding = 4; lastKnownFileType = sourcecode.c.h; path = notification_proxy.h; sourceTree = "<group>"; };
		ED288E3418443759004A0DBB /* restore.h */ = {isa = PBXFileReference; fileEncoding = 4; lastKnownFileType = sourcecode.c.h; path = restore.h; sourceTree = "<group>"; };
		ED288E3518443759004A0DBB /* sbservices.h */ = {isa = PBXFileReference; fileEncoding = 4; lastKnownFileType = sourcecode.c.h; path = sbservices.h; sourceTree = "<group>"; };
		ED288E3618443759004A0DBB /* screenshotr.h */ = {isa = PBXFileReference; fileEncoding = 4; lastKnownFileType = sourcecode.c.h; path = screenshotr.h; sourceTree = "<group>"; };
		ED288E3818443759004A0DBB /* libusb.h */ = {isa = PBXFileReference; fileEncoding = 4; lastKnownFileType = sourcecode.c.h; path = libusb.h; sourceTree = "<group>"; };
		ED288E3A18443759004A0DBB /* Array.h */ = {isa = PBXFileReference; fileEncoding = 4; lastKnownFileType = sourcecode.c.h; path = Array.h; sourceTree = "<group>"; };
		ED288E3B18443759004A0DBB /* Boolean.h */ = {isa = PBXFileReference; fileEncoding = 4; lastKnownFileType = sourcecode.c.h; path = Boolean.h; sourceTree = "<group>"; };
		ED288E3C18443759004A0DBB /* Data.h */ = {isa = PBXFileReference; fileEncoding = 4; lastKnownFileType = sourcecode.c.h; path = Data.h; sourceTree = "<group>"; };
		ED288E3D18443759004A0DBB /* Date.h */ = {isa = PBXFileReference; fileEncoding = 4; lastKnownFileType = sourcecode.c.h; path = Date.h; sourceTree = "<group>"; };
		ED288E3E18443759004A0DBB /* Dictionary.h */ = {isa = PBXFileReference; fileEncoding = 4; lastKnownFileType = sourcecode.c.h; path = Dictionary.h; sourceTree = "<group>"; };
		ED288E3F18443759004A0DBB /* Integer.h */ = {isa = PBXFileReference; fileEncoding = 4; lastKnownFileType = sourcecode.c.h; path = Integer.h; sourceTree = "<group>"; };
		ED288E4018443759004A0DBB /* Node.h */ = {isa = PBXFileReference; fileEncoding = 4; lastKnownFileType = sourcecode.c.h; path = Node.h; sourceTree = "<group>"; };
		ED288E4118443759004A0DBB /* plist++.h */ = {isa = PBXFileReference; fileEncoding = 4; lastKnownFileType = sourcecode.c.h; path = "plist++.h"; sourceTree = "<group>"; };
		ED288E4218443759004A0DBB /* plist.h */ = {isa = PBXFileReference; fileEncoding = 4; lastKnownFileType = sourcecode.c.h; path = plist.h; sourceTree = "<group>"; };
		ED288E4318443759004A0DBB /* Real.h */ = {isa = PBXFileReference; fileEncoding = 4; lastKnownFileType = sourcecode.c.h; path = Real.h; sourceTree = "<group>"; };
		ED288E4418443759004A0DBB /* String.h */ = {isa = PBXFileReference; fileEncoding = 4; lastKnownFileType = sourcecode.c.h; path = String.h; sourceTree = "<group>"; };
		ED288E4518443759004A0DBB /* Structure.h */ = {isa = PBXFileReference; fileEncoding = 4; lastKnownFileType = sourcecode.c.h; path = Structure.h; sourceTree = "<group>"; };
		ED288E4618443759004A0DBB /* usbmuxd-proto.h */ = {isa = PBXFileReference; fileEncoding = 4; lastKnownFileType = sourcecode.c.h; path = "usbmuxd-proto.h"; sourceTree = "<group>"; };
		ED288E4718443759004A0DBB /* usbmuxd.h */ = {isa = PBXFileReference; fileEncoding = 4; lastKnownFileType = sourcecode.c.h; path = usbmuxd.h; sourceTree = "<group>"; };
		ED288E4818443759004A0DBB /* zip.h */ = {isa = PBXFileReference; fileEncoding = 4; lastKnownFileType = sourcecode.c.h; path = zip.h; sourceTree = "<group>"; };
		ED288E4918443762004A0DBB /* libimobiledevice.a */ = {isa = PBXFileReference; lastKnownFileType = archive.ar; path = libimobiledevice.a; sourceTree = "<group>"; };
		ED288E4B18443789004A0DBB /* libimobiledevice.dylib */ = {isa = PBXFileReference; lastKnownFileType = "compiled.mach-o.dylib"; path = libimobiledevice.dylib; sourceTree = "<group>"; };
/* End PBXFileReference section */

/* Begin PBXFrameworksBuildPhase section */
		ED288DE818443728004A0DBB /* Frameworks */ = {
			isa = PBXFrameworksBuildPhase;
			buildActionMask = 2147483647;
			files = (
				ED288DEF18443728004A0DBB /* Cocoa.framework in Frameworks */,
				ED288E4C18443789004A0DBB /* libimobiledevice.dylib in Frameworks */,
				ED288E4A18443762004A0DBB /* libimobiledevice.a in Frameworks */,
			);
			runOnlyForDeploymentPostprocessing = 0;
		};
		ED288E0C18443728004A0DBB /* Frameworks */ = {
			isa = PBXFrameworksBuildPhase;
			buildActionMask = 2147483647;
			files = (
				ED288E1218443728004A0DBB /* Cocoa.framework in Frameworks */,
				ED288E1118443728004A0DBB /* XCTest.framework in Frameworks */,
			);
			runOnlyForDeploymentPostprocessing = 0;
		};
/* End PBXFrameworksBuildPhase section */

/* Begin PBXGroup section */
		ED288DE218443728004A0DBB = {
			isa = PBXGroup;
			children = (
				ED288E4B18443789004A0DBB /* libimobiledevice.dylib */,
				ED288E4918443762004A0DBB /* libimobiledevice.a */,
				ED288E2718443759004A0DBB /* include */,
				ED288DF418443728004A0DBB /* iMobileDevice */,
				ED288E1518443728004A0DBB /* iMobileDeviceTests */,
				ED288DED18443728004A0DBB /* Frameworks */,
				ED288DEC18443728004A0DBB /* Products */,
			);
			sourceTree = "<group>";
		};
		ED288DEC18443728004A0DBB /* Products */ = {
			isa = PBXGroup;
			children = (
				ED288DEB18443728004A0DBB /* iMobileDevice.app */,
				ED288E0F18443728004A0DBB /* iMobileDeviceTests.xctest */,
			);
			name = Products;
			sourceTree = "<group>";
		};
		ED288DED18443728004A0DBB /* Frameworks */ = {
			isa = PBXGroup;
			children = (
				ED288DEE18443728004A0DBB /* Cocoa.framework */,
				ED288E1018443728004A0DBB /* XCTest.framework */,
				ED288DF018443728004A0DBB /* Other Frameworks */,
			);
			name = Frameworks;
			sourceTree = "<group>";
		};
		ED288DF018443728004A0DBB /* Other Frameworks */ = {
			isa = PBXGroup;
			children = (
				ED288DF118443728004A0DBB /* AppKit.framework */,
				ED288DF218443728004A0DBB /* CoreData.framework */,
				ED288DF318443728004A0DBB /* Foundation.framework */,
			);
			name = "Other Frameworks";
			sourceTree = "<group>";
		};
		ED288DF418443728004A0DBB /* iMobileDevice */ = {
			isa = PBXGroup;
			children = (
				ED288E0018443728004A0DBB /* MDAppDelegate.h */,
				ED288E0118443728004A0DBB /* MDAppDelegate.m */,
				ED288E0318443728004A0DBB /* MainMenu.xib */,
				ED288E0918443728004A0DBB /* Images.xcassets */,
				ED288E0618443728004A0DBB /* iMobileDevice.xcdatamodeld */,
				ED288DF518443728004A0DBB /* Supporting Files */,
				ED288E2518443740004A0DBB /* ideviceinfo.c */,
			);
			path = iMobileDevice;
			sourceTree = "<group>";
		};
		ED288DF518443728004A0DBB /* Supporting Files */ = {
			isa = PBXGroup;
			children = (
				ED288DF618443728004A0DBB /* iMobileDevice-Info.plist */,
				ED288DF718443728004A0DBB /* InfoPlist.strings */,
				ED288DFA18443728004A0DBB /* main.m */,
				ED288DFC18443728004A0DBB /* iMobileDevice-Prefix.pch */,
				ED288DFD18443728004A0DBB /* Credits.rtf */,
			);
			name = "Supporting Files";
			sourceTree = "<group>";
		};
		ED288E1518443728004A0DBB /* iMobileDeviceTests */ = {
			isa = PBXGroup;
			children = (
				ED288E1B18443728004A0DBB /* iMobileDeviceTests.m */,
				ED288E1618443728004A0DBB /* Supporting Files */,
			);
			path = iMobileDeviceTests;
			sourceTree = "<group>";
		};
		ED288E1618443728004A0DBB /* Supporting Files */ = {
			isa = PBXGroup;
			children = (
				ED288E1718443728004A0DBB /* iMobileDeviceTests-Info.plist */,
				ED288E1818443728004A0DBB /* InfoPlist.strings */,
			);
			name = "Supporting Files";
			sourceTree = "<group>";
		};
		ED288E2718443759004A0DBB /* include */ = {
			isa = PBXGroup;
			children = (
				ED288E2818443759004A0DBB /* libimobiledevice */,
				ED288E3718443759004A0DBB /* libusb-1.0 */,
				ED288E3918443759004A0DBB /* plist */,
				ED288E4618443759004A0DBB /* usbmuxd-proto.h */,
				ED288E4718443759004A0DBB /* usbmuxd.h */,
				ED288E4818443759004A0DBB /* zip.h */,
			);
			path = include;
			sourceTree = "<group>";
		};
		ED288E2818443759004A0DBB /* libimobiledevice */ = {
			isa = PBXGroup;
			children = (
				ED288E2918443759004A0DBB /* afc.h */,
				ED288E2A18443759004A0DBB /* file_relay.h */,
				ED288E2B18443759004A0DBB /* house_arrest.h */,
				ED288E2C18443759004A0DBB /* installation_proxy.h */,
				ED288E2D18443759004A0DBB /* libimobiledevice.h */,
				ED288E2E18443759004A0DBB /* lockdown.h */,
				ED288E2F18443759004A0DBB /* mobile_image_mounter.h */,
				ED288E3018443759004A0DBB /* mobilebackup.h */,
				ED288E3118443759004A0DBB /* mobilebackup2.h */,
				ED288E3218443759004A0DBB /* mobilesync.h */,
				ED288E3318443759004A0DBB /* notification_proxy.h */,
				ED288E3418443759004A0DBB /* restore.h */,
				ED288E3518443759004A0DBB /* sbservices.h */,
				ED288E3618443759004A0DBB /* screenshotr.h */,
			);
			path = libimobiledevice;
			sourceTree = "<group>";
		};
		ED288E3718443759004A0DBB /* libusb-1.0 */ = {
			isa = PBXGroup;
			children = (
				ED288E3818443759004A0DBB /* libusb.h */,
			);
			path = "libusb-1.0";
			sourceTree = "<group>";
		};
		ED288E3918443759004A0DBB /* plist */ = {
			isa = PBXGroup;
			children = (
				ED288E3A18443759004A0DBB /* Array.h */,
				ED288E3B18443759004A0DBB /* Boolean.h */,
				ED288E3C18443759004A0DBB /* Data.h */,
				ED288E3D18443759004A0DBB /* Date.h */,
				ED288E3E18443759004A0DBB /* Dictionary.h */,
				ED288E3F18443759004A0DBB /* Integer.h */,
				ED288E4018443759004A0DBB /* Node.h */,
				ED288E4118443759004A0DBB /* plist++.h */,
				ED288E4218443759004A0DBB /* plist.h */,
				ED288E4318443759004A0DBB /* Real.h */,
				ED288E4418443759004A0DBB /* String.h */,
				ED288E4518443759004A0DBB /* Structure.h */,
			);
			path = plist;
			sourceTree = "<group>";
		};
/* End PBXGroup section */

/* Begin PBXNativeTarget section */
		ED288DEA18443728004A0DBB /* iMobileDevice */ = {
			isa = PBXNativeTarget;
			buildConfigurationList = ED288E1F18443728004A0DBB /* Build configuration list for PBXNativeTarget "iMobileDevice" */;
			buildPhases = (
				ED288DE718443728004A0DBB /* Sources */,
				ED288DE818443728004A0DBB /* Frameworks */,
				ED288DE918443728004A0DBB /* Resources */,
			);
			buildRules = (
			);
			dependencies = (
			);
			name = iMobileDevice;
			productName = iMobileDevice;
			productReference = ED288DEB18443728004A0DBB /* iMobileDevice.app */;
			productType = "com.apple.product-type.application";
		};
		ED288E0E18443728004A0DBB /* iMobileDeviceTests */ = {
			isa = PBXNativeTarget;
			buildConfigurationList = ED288E2218443728004A0DBB /* Build configuration list for PBXNativeTarget "iMobileDeviceTests" */;
			buildPhases = (
				ED288E0B18443728004A0DBB /* Sources */,
				ED288E0C18443728004A0DBB /* Frameworks */,
				ED288E0D18443728004A0DBB /* Resources */,
			);
			buildRules = (
			);
			dependencies = (
				ED288E1418443728004A0DBB /* PBXTargetDependency */,
			);
			name = iMobileDeviceTests;
			productName = iMobileDeviceTests;
			productReference = ED288E0F18443728004A0DBB /* iMobileDeviceTests.xctest */;
			productType = "com.apple.product-type.bundle.unit-test";
		};
/* End PBXNativeTarget section */

/* Begin PBXProject section */
		ED288DE318443728004A0DBB /* Project object */ = {
			isa = PBXProject;
			attributes = {
				CLASSPREFIX = MD;
				LastUpgradeCheck = 0500;
				ORGANIZATIONNAME = "Duyen Hoa Ha";
				TargetAttributes = {
					ED288E0E18443728004A0DBB = {
						TestTargetID = ED288DEA18443728004A0DBB;
					};
				};
			};
			buildConfigurationList = ED288DE618443728004A0DBB /* Build configuration list for PBXProject "iMobileDevice" */;
			compatibilityVersion = "Xcode 3.2";
			developmentRegion = English;
			hasScannedForEncodings = 0;
			knownRegions = (
				en,
				Base,
			);
			mainGroup = ED288DE218443728004A0DBB;
			productRefGroup = ED288DEC18443728004A0DBB /* Products */;
			projectDirPath = "";
			projectRoot = "";
			targets = (
				ED288DEA18443728004A0DBB /* iMobileDevice */,
				ED288E0E18443728004A0DBB /* iMobileDeviceTests */,
			);
		};
/* End PBXProject section */

/* Begin PBXResourcesBuildPhase section */
		ED288DE918443728004A0DBB /* Resources */ = {
			isa = PBXResourcesBuildPhase;
			buildActionMask = 2147483647;
			files = (
				ED288DF918443728004A0DBB /* InfoPlist.strings in Resources */,
				ED288E0A18443728004A0DBB /* Images.xcassets in Resources */,
				ED288DFF18443728004A0DBB /* Credits.rtf in Resources */,
				ED288E0518443728004A0DBB /* MainMenu.xib in Resources */,
			);
			runOnlyForDeploymentPostprocessing = 0;
		};
		ED288E0D18443728004A0DBB /* Resources */ = {
			isa = PBXResourcesBuildPhase;
			buildActionMask = 2147483647;
			files = (
				ED288E1A18443728004A0DBB /* InfoPlist.strings in Resources */,
			);
			runOnlyForDeploymentPostprocessing = 0;
		};
/* End PBXResourcesBuildPhase section */

/* Begin PBXSourcesBuildPhase section */
		ED288DE718443728004A0DBB /* Sources */ = {
			isa = PBXSourcesBuildPhase;
			buildActionMask = 2147483647;
			files = (
				ED288E0818443728004A0DBB /* iMobileDevice.xcdatamodeld in Sources */,
				ED288DFB18443728004A0DBB /* main.m in Sources */,
				ED288E0218443728004A0DBB /* MDAppDelegate.m in Sources */,
				ED288E2618443740004A0DBB /* ideviceinfo.c in Sources */,
			);
			runOnlyForDeploymentPostprocessing = 0;
		};
		ED288E0B18443728004A0DBB /* Sources */ = {
			isa = PBXSourcesBuildPhase;
			buildActionMask = 2147483647;
			files = (
				ED288E1C18443728004A0DBB /* iMobileDeviceTests.m in Sources */,
			);
			runOnlyForDeploymentPostprocessing = 0;
		};
/* End PBXSourcesBuildPhase section */

/* Begin PBXTargetDependency section */
		ED288E1418443728004A0DBB /* PBXTargetDependency */ = {
			isa = PBXTargetDependency;
			target = ED288DEA18443728004A0DBB /* iMobileDevice */;
			targetProxy = ED288E1318443728004A0DBB /* PBXContainerItemProxy */;
		};
/* End PBXTargetDependency section */

/* Begin PBXVariantGroup section */
		ED288DF718443728004A0DBB /* InfoPlist.strings */ = {
			isa = PBXVariantGroup;
			children = (
				ED288DF818443728004A0DBB /* en */,
			);
			name = InfoPlist.strings;
			sourceTree = "<group>";
		};
		ED288DFD18443728004A0DBB /* Credits.rtf */ = {
			isa = PBXVariantGroup;
			children = (
				ED288DFE18443728004A0DBB /* en */,
			);
			name = Credits.rtf;
			sourceTree = "<group>";
		};
		ED288E0318443728004A0DBB /* MainMenu.xib */ = {
			isa = PBXVariantGroup;
			children = (
				ED288E0418443728004A0DBB /* Base */,
			);
			name = MainMenu.xib;
			sourceTree = "<group>";
		};
		ED288E1818443728004A0DBB /* InfoPlist.strings */ = {
			isa = PBXVariantGroup;
			children = (
				ED288E1918443728004A0DBB /* en */,
			);
			name = InfoPlist.strings;
			sourceTree = "<group>";
		};
/* End PBXVariantGroup section */

/* Begin XCBuildConfiguration section */
		ED288E1D18443728004A0DBB /* Debug */ = {
			isa = XCBuildConfiguration;
			buildSettings = {
				ALWAYS_SEARCH_USER_PATHS = NO;
				CLANG_CXX_LANGUAGE_STANDARD = "gnu++0x";
				CLANG_CXX_LIBRARY = "libc++";
				CLANG_ENABLE_OBJC_ARC = YES;
				CLANG_WARN_BOOL_CONVERSION = YES;
				CLANG_WARN_CONSTANT_CONVERSION = YES;
				CLANG_WARN_DIRECT_OBJC_ISA_USAGE = YES_ERROR;
				CLANG_WARN_EMPTY_BODY = YES;
				CLANG_WARN_ENUM_CONVERSION = YES;
				CLANG_WARN_INT_CONVERSION = YES;
				CLANG_WARN_OBJC_ROOT_CLASS = YES_ERROR;
				CLANG_WARN__DUPLICATE_METHOD_MATCH = YES;
				COPY_PHASE_STRIP = NO;
				GCC_C_LANGUAGE_STANDARD = gnu99;
				GCC_DYNAMIC_NO_PIC = NO;
				GCC_ENABLE_OBJC_EXCEPTIONS = YES;
				GCC_OPTIMIZATION_LEVEL = 0;
				GCC_PREPROCESSOR_DEFINITIONS = (
					"DEBUG=1",
					"$(inherited)",
				);
				GCC_SYMBOLS_PRIVATE_EXTERN = NO;
				GCC_WARN_64_TO_32_BIT_CONVERSION = YES;
				GCC_WARN_ABOUT_RETURN_TYPE = YES_ERROR;
				GCC_WARN_UNDECLARED_SELECTOR = YES;
				GCC_WARN_UNINITIALIZED_AUTOS = YES;
				GCC_WARN_UNUSED_FUNCTION = YES;
				GCC_WARN_UNUSED_VARIABLE = YES;
				MACOSX_DEPLOYMENT_TARGET = 10.9;
				ONLY_ACTIVE_ARCH = YES;
				SDKROOT = macosx;
			};
			name = Debug;
		};
		ED288E1E18443728004A0DBB /* Release */ = {
			isa = XCBuildConfiguration;
			buildSettings = {
				ALWAYS_SEARCH_USER_PATHS = NO;
				CLANG_CXX_LANGUAGE_STANDARD = "gnu++0x";
				CLANG_CXX_LIBRARY = "libc++";
				CLANG_ENABLE_OBJC_ARC = YES;
				CLANG_WARN_BOOL_CONVERSION = YES;
				CLANG_WARN_CONSTANT_CONVERSION = YES;
				CLANG_WARN_DIRECT_OBJC_ISA_USAGE = YES_ERROR;
				CLANG_WARN_EMPTY_BODY = YES;
				CLANG_WARN_ENUM_CONVERSION = YES;
				CLANG_WARN_INT_CONVERSION = YES;
				CLANG_WARN_OBJC_ROOT_CLASS = YES_ERROR;
				CLANG_WARN__DUPLICATE_METHOD_MATCH = YES;
				COPY_PHASE_STRIP = YES;
				DEBUG_INFORMATION_FORMAT = "dwarf-with-dsym";
				ENABLE_NS_ASSERTIONS = NO;
				GCC_C_LANGUAGE_STANDARD = gnu99;
				GCC_ENABLE_OBJC_EXCEPTIONS = YES;
				GCC_WARN_64_TO_32_BIT_CONVERSION = YES;
				GCC_WARN_ABOUT_RETURN_TYPE = YES_ERROR;
				GCC_WARN_UNDECLARED_SELECTOR = YES;
				GCC_WARN_UNINITIALIZED_AUTOS = YES;
				GCC_WARN_UNUSED_FUNCTION = YES;
				GCC_WARN_UNUSED_VARIABLE = YES;
				MACOSX_DEPLOYMENT_TARGET = 10.9;
				SDKROOT = macosx;
			};
			name = Release;
		};
		ED288E2018443728004A0DBB /* Debug */ = {
			isa = XCBuildConfiguration;
			buildSettings = {
				ASSETCATALOG_COMPILER_APPICON_NAME = AppIcon;
				COMBINE_HIDPI_IMAGES = YES;
				GCC_PRECOMPILE_PREFIX_HEADER = YES;
				GCC_PREFIX_HEADER = "iMobileDevice/iMobileDevice-Prefix.pch";
				INFOPLIST_FILE = "iMobileDevice/iMobileDevice-Info.plist";
				LIBRARY_SEARCH_PATHS = (
					"$(inherited)",
					"/MY\\ WORKS/iOS/Projects/MacMobileDevice/iMobileDevice",
				);
				PRODUCT_NAME = "$(TARGET_NAME)";
				WRAPPER_EXTENSION = app;
			};
			name = Debug;
		};
		ED288E2118443728004A0DBB /* Release */ = {
			isa = XCBuildConfiguration;
			buildSettings = {
				ASSETCATALOG_COMPILER_APPICON_NAME = AppIcon;
				COMBINE_HIDPI_IMAGES = YES;
				GCC_PRECOMPILE_PREFIX_HEADER = YES;
				GCC_PREFIX_HEADER = "iMobileDevice/iMobileDevice-Prefix.pch";
				INFOPLIST_FILE = "iMobileDevice/iMobileDevice-Info.plist";
				LIBRARY_SEARCH_PATHS = (
					"$(inherited)",
					"/MY\\ WORKS/iOS/Projects/MacMobileDevice/iMobileDevice",
				);
				PRODUCT_NAME = "$(TARGET_NAME)";
				WRAPPER_EXTENSION = app;
			};
			name = Release;
		};
		ED288E2318443728004A0DBB /* Debug */ = {
			isa = XCBuildConfiguration;
			buildSettings = {
				BUNDLE_LOADER = "$(BUILT_PRODUCTS_DIR)/iMobileDevice.app/Contents/MacOS/iMobileDevice";
				COMBINE_HIDPI_IMAGES = YES;
				FRAMEWORK_SEARCH_PATHS = (
					"$(DEVELOPER_FRAMEWORKS_DIR)",
					"$(inherited)",
				);
				GCC_PRECOMPILE_PREFIX_HEADER = YES;
				GCC_PREFIX_HEADER = "iMobileDevice/iMobileDevice-Prefix.pch";
				GCC_PREPROCESSOR_DEFINITIONS = (
					"DEBUG=1",
					"$(inherited)",
				);
				INFOPLIST_FILE = "iMobileDeviceTests/iMobileDeviceTests-Info.plist";
				PRODUCT_NAME = "$(TARGET_NAME)";
				TEST_HOST = "$(BUNDLE_LOADER)";
				WRAPPER_EXTENSION = xctest;
			};
			name = Debug;
		};
		ED288E2418443728004A0DBB /* Release */ = {
			isa = XCBuildConfiguration;
			buildSettings = {
				BUNDLE_LOADER = "$(BUILT_PRODUCTS_DIR)/iMobileDevice.app/Contents/MacOS/iMobileDevice";
				COMBINE_HIDPI_IMAGES = YES;
				FRAMEWORK_SEARCH_PATHS = (
					"$(DEVELOPER_FRAMEWORKS_DIR)",
					"$(inherited)",
				);
				GCC_PRECOMPILE_PREFIX_HEADER = YES;
				GCC_PREFIX_HEADER = "iMobileDevice/iMobileDevice-Prefix.pch";
				INFOPLIST_FILE = "iMobileDeviceTests/iMobileDeviceTests-Info.plist";
				PRODUCT_NAME = "$(TARGET_NAME)";
				TEST_HOST = "$(BUNDLE_LOADER)";
				WRAPPER_EXTENSION = xctest;
			};
			name = Release;
		};
/* End XCBuildConfiguration section */

/* Begin XCConfigurationList section */
		ED288DE618443728004A0DBB /* Build configuration list for PBXProject "iMobileDevice" */ = {
			isa = XCConfigurationList;
			buildConfigurations = (
				ED288E1D18443728004A0DBB /* Debug */,
				ED288E1E18443728004A0DBB /* Release */,
			);
			defaultConfigurationIsVisible = 0;
			defaultConfigurationName = Release;
		};
		ED288E1F18443728004A0DBB /* Build configuration list for PBXNativeTarget "iMobileDevice" */ = {
			isa = XCConfigurationList;
			buildConfigurations = (
				ED288E2018443728004A0DBB /* Debug */,
				ED288E2118443728004A0DBB /* Release */,
			);
			defaultConfigurationIsVisible = 0;
		};
		ED288E2218443728004A0DBB /* Build configuration list for PBXNativeTarget "iMobileDeviceTests" */ = {
			isa = XCConfigurationList;
			buildConfigurations = (
				ED288E2318443728004A0DBB /* Debug */,
				ED288E2418443728004A0DBB /* Release */,
			);
			defaultConfigurationIsVisible = 0;
		};
/* End XCConfigurationList section */

/* Begin XCVersionGroup section */
		ED288E0618443728004A0DBB /* iMobileDevice.xcdatamodeld */ = {
			isa = XCVersionGroup;
			children = (
				ED288E0718443728004A0DBB /* iMobileDevice.xcdatamodel */,
			);
			currentVersion = ED288E0718443728004A0DBB /* iMobileDevice.xcdatamodel */;
			path = iMobileDevice.xcdatamodeld;
			sourceTree = "<group>";
			versionGroupType = wrapper.xcdatamodel;
		};
/* End XCVersionGroup section */
	};
	rootObject = ED288DE318443728004A0DBB /* Project object */;
}
